{
  "requires": true,
  "lockfileVersion": 1,
  "dependencies": {
    "@types/jasmine": {
      "version": "3.4.4",
      "resolved": "https://registry.npmjs.org/@types/jasmine/-/jasmine-3.4.4.tgz",
      "integrity": "sha512-+/sHcTPyDS1JQacDRRRWb+vNrjBwnD+cKvTaWlxlJ/uOOFvzCkjOwNaqVjYMLfsjzNi0WtDH9RyReDXPG1Cdug==",
      "dev": true
    }
  }
}
